// !$*UTF8*$!
{
	archiveVersion = 1;
	classes = {
	};
	objectVersion = 45;
	objects = {

/* Begin PBXBuildFile section */
		8484C19014F88F8600A68764 /* SenTestingKit.framework in Frameworks */ = {isa = PBXBuildFile; fileRef = 8484C18F14F88F8600A68764 /* SenTestingKit.framework */; };
		8484C19914F88F8600A68764 /* InfoPlist.strings in Resources */ = {isa = PBXBuildFile; fileRef = 8484C19714F88F8600A68764 /* InfoPlist.strings */; };
		8484C19C14F88F8600A68764 /* ChatBotApplicationTests.m in Sources */ = {isa = PBXBuildFile; fileRef = 8484C19B14F88F8600A68764 /* ChatBotApplicationTests.m */; };
		8484C1A814F88F9800A68764 /* SenTestingKit.framework in Frameworks */ = {isa = PBXBuildFile; fileRef = 8484C18F14F88F8600A68764 /* SenTestingKit.framework */; };
		8484C1AF14F88F9800A68764 /* InfoPlist.strings in Resources */ = {isa = PBXBuildFile; fileRef = 8484C1AD14F88F9800A68764 /* InfoPlist.strings */; };
		8484C1B214F88F9800A68764 /* ChatBotLogicTests.m in Sources */ = {isa = PBXBuildFile; fileRef = 8484C1B114F88F9800A68764 /* ChatBotLogicTests.m */; };
		84A2F942150062440051E092 /* Cocoa.framework in Frameworks */ = {isa = PBXBuildFile; fileRef = 84A2F940150062440051E092 /* Cocoa.framework */; };
		84A2F943150062440051E092 /* Cocoa.framework in Frameworks */ = {isa = PBXBuildFile; fileRef = 84A2F940150062440051E092 /* Cocoa.framework */; };
		84A2F946150064940051E092 /* CoreData.framework in Frameworks */ = {isa = PBXBuildFile; fileRef = 84A2F945150064940051E092 /* CoreData.framework */; };
		84A2F947150064940051E092 /* CoreData.framework in Frameworks */ = {isa = PBXBuildFile; fileRef = 84A2F945150064940051E092 /* CoreData.framework */; };
		84A2F948150064940051E092 /* CoreData.framework in Frameworks */ = {isa = PBXBuildFile; fileRef = 84A2F945150064940051E092 /* CoreData.framework */; };
		84A2F9491500687F0051E092 /* LCChatBot.m in Sources */ = {isa = PBXBuildFile; fileRef = 84B777DB14D939770004F492 /* LCChatBot.m */; };
		84A2F94A150068820051E092 /* CBChatController.m in Sources */ = {isa = PBXBuildFile; fileRef = BF771F5A0F2FDACD0084FE39 /* CBChatController.m */; };
		84A2F94B150068840051E092 /* CBChatBot.m in Sources */ = {isa = PBXBuildFile; fileRef = BF771F600F2FDBD90084FE39 /* CBChatBot.m */; };
		84A2F94C150068E20051E092 /* Cocoa.framework in Frameworks */ = {isa = PBXBuildFile; fileRef = 84A2F940150062440051E092 /* Cocoa.framework */; };
		84B777DC14D939770004F492 /* LCChatBot.m in Sources */ = {isa = PBXBuildFile; fileRef = 84B777DB14D939770004F492 /* LCChatBot.m */; };
		8D11072B0486CEB800E47090 /* InfoPlist.strings in Resources */ = {isa = PBXBuildFile; fileRef = 089C165CFE840E0CC02AAC07 /* InfoPlist.strings */; };
		8D11072D0486CEB800E47090 /* main.m in Sources */ = {isa = PBXBuildFile; fileRef = 29B97316FDCFA39411CA2CEA /* main.m */; settings = {ATTRIBUTES = (); }; };
		BF771F5B0F2FDACD0084FE39 /* CBChatController.m in Sources */ = {isa = PBXBuildFile; fileRef = BF771F5A0F2FDACD0084FE39 /* CBChatController.m */; };
		BF771F610F2FDBD90084FE39 /* CBChatBot.m in Sources */ = {isa = PBXBuildFile; fileRef = BF771F600F2FDBD90084FE39 /* CBChatBot.m */; };
		BF7722C40F3926290084FE39 /* MainMenu.nib in Resources */ = {isa = PBXBuildFile; fileRef = BF7722C20F3926290084FE39 /* MainMenu.nib */; };
/* End PBXBuildFile section */

/* Begin PBXContainerItemProxy section */
		8484C1B714F8910900A68764 /* PBXContainerItemProxy */ = {
			isa = PBXContainerItemProxy;
			containerPortal = 29B97313FDCFA39411CA2CEA /* Project object */;
			proxyType = 1;
			remoteGlobalIDString = 8D1107260486CEB800E47090;
			remoteInfo = ChatBot;
		};
		84A2F93C15005F5F0051E092 /* PBXContainerItemProxy */ = {
			isa = PBXContainerItemProxy;
			containerPortal = 29B97313FDCFA39411CA2CEA /* Project object */;
			proxyType = 1;
			remoteGlobalIDString = 8D1107260486CEB800E47090;
			remoteInfo = ChatBot;
		};
/* End PBXContainerItemProxy section */

/* Begin PBXFileReference section */
		089C165DFE840E0CC02AAC07 /* English */ = {isa = PBXFileReference; fileEncoding = 10; lastKnownFileType = text.plist.strings; name = English; path = English.lproj/InfoPlist.strings; sourceTree = "<group>"; };
		29B97316FDCFA39411CA2CEA /* main.m */ = {isa = PBXFileReference; fileEncoding = 4; lastKnownFileType = sourcecode.c.objc; path = main.m; sourceTree = "<group>"; };
		29B97324FDCFA39411CA2CEA /* AppKit.framework */ = {isa = PBXFileReference; lastKnownFileType = wrapper.framework; name = AppKit.framework; path = /System/Library/Frameworks/AppKit.framework; sourceTree = "<absolute>"; };
		29B97325FDCFA39411CA2CEA /* Foundation.framework */ = {isa = PBXFileReference; lastKnownFileType = wrapper.framework; name = Foundation.framework; path = /System/Library/Frameworks/Foundation.framework; sourceTree = "<absolute>"; };
		32CA4F630368D1EE00C91783 /* ChatBot_Prefix.pch */ = {isa = PBXFileReference; fileEncoding = 4; lastKnownFileType = sourcecode.c.h; path = ChatBot_Prefix.pch; sourceTree = "<group>"; };
		8484C18E14F88F8600A68764 /* ChatBotApplicationTests.octest */ = {isa = PBXFileReference; explicitFileType = wrapper.cfbundle; includeInIndex = 0; path = ChatBotApplicationTests.octest; sourceTree = BUILT_PRODUCTS_DIR; };
		8484C18F14F88F8600A68764 /* SenTestingKit.framework */ = {isa = PBXFileReference; lastKnownFileType = wrapper.framework; name = SenTestingKit.framework; path = Library/Frameworks/SenTestingKit.framework; sourceTree = DEVELOPER_DIR; };
		8484C19614F88F8600A68764 /* ChatBotApplicationTests-Info.plist */ = {isa = PBXFileReference; lastKnownFileType = text.plist.xml; path = "ChatBotApplicationTests-Info.plist"; sourceTree = "<group>"; };
		8484C19814F88F8600A68764 /* en */ = {isa = PBXFileReference; lastKnownFileType = text.plist.strings; name = en; path = en.lproj/InfoPlist.strings; sourceTree = "<group>"; };
		8484C19A14F88F8600A68764 /* ChatBotApplicationTests.h */ = {isa = PBXFileReference; lastKnownFileType = sourcecode.c.h; path = ChatBotApplicationTests.h; sourceTree = "<group>"; };
		8484C19B14F88F8600A68764 /* ChatBotApplicationTests.m */ = {isa = PBXFileReference; lastKnownFileType = sourcecode.c.objc; path = ChatBotApplicationTests.m; sourceTree = "<group>"; };
		8484C19D14F88F8600A68764 /* ChatBotApplicationTests-Prefix.pch */ = {isa = PBXFileReference; lastKnownFileType = sourcecode.c.h; path = "ChatBotApplicationTests-Prefix.pch"; sourceTree = "<group>"; };
		8484C1A714F88F9800A68764 /* ChatBotLogicTests.octest */ = {isa = PBXFileReference; explicitFileType = wrapper.cfbundle; includeInIndex = 0; path = ChatBotLogicTests.octest; sourceTree = BUILT_PRODUCTS_DIR; };
		8484C1AC14F88F9800A68764 /* ChatBotLogicTests-Info.plist */ = {isa = PBXFileReference; lastKnownFileType = text.plist.xml; path = "ChatBotLogicTests-Info.plist"; sourceTree = "<group>"; };
		8484C1AE14F88F9800A68764 /* en */ = {isa = PBXFileReference; lastKnownFileType = text.plist.strings; name = en; path = en.lproj/InfoPlist.strings; sourceTree = "<group>"; };
		8484C1B014F88F9800A68764 /* ChatBotLogicTests.h */ = {isa = PBXFileReference; lastKnownFileType = sourcecode.c.h; path = ChatBotLogicTests.h; sourceTree = "<group>"; };
		8484C1B114F88F9800A68764 /* ChatBotLogicTests.m */ = {isa = PBXFileReference; lastKnownFileType = sourcecode.c.objc; path = ChatBotLogicTests.m; sourceTree = "<group>"; };
		8484C1B314F88F9800A68764 /* ChatBotLogicTests-Prefix.pch */ = {isa = PBXFileReference; lastKnownFileType = sourcecode.c.h; path = "ChatBotLogicTests-Prefix.pch"; sourceTree = "<group>"; };
		84A2F940150062440051E092 /* Cocoa.framework */ = {isa = PBXFileReference; lastKnownFileType = wrapper.framework; name = Cocoa.framework; path = /System/Library/Frameworks/Cocoa.framework; sourceTree = "<absolute>"; };
		84A2F945150064940051E092 /* CoreData.framework */ = {isa = PBXFileReference; lastKnownFileType = wrapper.framework; name = CoreData.framework; path = /System/Library/Frameworks/CoreData.framework; sourceTree = "<absolute>"; };
		84B777DA14D939770004F492 /* LCChatBot.h */ = {isa = PBXFileReference; fileEncoding = 4; lastKnownFileType = sourcecode.c.h; path = LCChatBot.h; sourceTree = "<group>"; };
		84B777DB14D939770004F492 /* LCChatBot.m */ = {isa = PBXFileReference; fileEncoding = 4; lastKnownFileType = sourcecode.c.objc; path = LCChatBot.m; sourceTree = "<group>"; };
		8D1107310486CEB800E47090 /* Info.plist */ = {isa = PBXFileReference; fileEncoding = 4; lastKnownFileType = text.plist.xml; path = Info.plist; sourceTree = "<group>"; };
		8D1107320486CEB800E47090 /* ChatBot.app */ = {isa = PBXFileReference; explicitFileType = wrapper.application; includeInIndex = 0; path = ChatBot.app; sourceTree = BUILT_PRODUCTS_DIR; };
		BF771F590F2FDACD0084FE39 /* CBChatController.h */ = {isa = PBXFileReference; fileEncoding = 4; lastKnownFileType = sourcecode.c.h; path = CBChatController.h; sourceTree = "<group>"; };
		BF771F5A0F2FDACD0084FE39 /* CBChatController.m */ = {isa = PBXFileReference; fileEncoding = 4; lastKnownFileType = sourcecode.c.objc; path = CBChatController.m; sourceTree = "<group>"; };
		BF771F5F0F2FDBD90084FE39 /* CBChatBot.h */ = {isa = PBXFileReference; fileEncoding = 4; lastKnownFileType = sourcecode.c.h; path = CBChatBot.h; sourceTree = "<group>"; };
		BF771F600F2FDBD90084FE39 /* CBChatBot.m */ = {isa = PBXFileReference; fileEncoding = 4; lastKnownFileType = sourcecode.c.objc; path = CBChatBot.m; sourceTree = "<group>"; };
		BF7722C30F3926290084FE39 /* English */ = {isa = PBXFileReference; lastKnownFileType = wrapper.nib; name = English; path = English.lproj/MainMenu.nib; sourceTree = "<group>"; };
/* End PBXFileReference section */

/* Begin PBXFrameworksBuildPhase section */
		8484C18A14F88F8600A68764 /* Frameworks */ = {
			isa = PBXFrameworksBuildPhase;
			buildActionMask = 2147483647;
			files = (
				8484C19014F88F8600A68764 /* SenTestingKit.framework in Frameworks */,
				84A2F942150062440051E092 /* Cocoa.framework in Frameworks */,
				84A2F947150064940051E092 /* CoreData.framework in Frameworks */,
			);
			runOnlyForDeploymentPostprocessing = 0;
		};
		8484C1A314F88F9800A68764 /* Frameworks */ = {
			isa = PBXFrameworksBuildPhase;
			buildActionMask = 2147483647;
			files = (
				84A2F943150062440051E092 /* Cocoa.framework in Frameworks */,
				8484C1A814F88F9800A68764 /* SenTestingKit.framework in Frameworks */,
				84A2F948150064940051E092 /* CoreData.framework in Frameworks */,
			);
			runOnlyForDeploymentPostprocessing = 0;
		};
		8D11072E0486CEB800E47090 /* Frameworks */ = {
			isa = PBXFrameworksBuildPhase;
			buildActionMask = 2147483647;
			files = (
				84A2F946150064940051E092 /* CoreData.framework in Frameworks */,
				84A2F94C150068E20051E092 /* Cocoa.framework in Frameworks */,
			);
			runOnlyForDeploymentPostprocessing = 0;
		};
/* End PBXFrameworksBuildPhase section */

/* Begin PBXGroup section */
		080E96DDFE201D6D7F000001 /* Classes */ = {
			isa = PBXGroup;
			children = (
				84B777DA14D939770004F492 /* LCChatBot.h */,
				84B777DB14D939770004F492 /* LCChatBot.m */,
				BF771F590F2FDACD0084FE39 /* CBChatController.h */,
				BF771F5A0F2FDACD0084FE39 /* CBChatController.m */,
				BF771F5F0F2FDBD90084FE39 /* CBChatBot.h */,
				BF771F600F2FDBD90084FE39 /* CBChatBot.m */,
			);
			name = Classes;
			sourceTree = "<group>";
		};
		1058C7A0FEA54F0111CA2CBB /* Linked Frameworks */ = {
			isa = PBXGroup;
			children = (
				84A2F945150064940051E092 /* CoreData.framework */,
				84A2F940150062440051E092 /* Cocoa.framework */,
				8484C18F14F88F8600A68764 /* SenTestingKit.framework */,
			);
			name = "Linked Frameworks";
			sourceTree = "<group>";
		};
		1058C7A2FEA54F0111CA2CBB /* Other Frameworks */ = {
			isa = PBXGroup;
			children = (
				29B97324FDCFA39411CA2CEA /* AppKit.framework */,
				29B97325FDCFA39411CA2CEA /* Foundation.framework */,
			);
			name = "Other Frameworks";
			sourceTree = "<group>";
		};
		19C28FACFE9D520D11CA2CBB /* Products */ = {
			isa = PBXGroup;
			children = (
				8D1107320486CEB800E47090 /* ChatBot.app */,
				8484C18E14F88F8600A68764 /* ChatBotApplicationTests.octest */,
				8484C1A714F88F9800A68764 /* ChatBotLogicTests.octest */,
			);
			name = Products;
			sourceTree = "<group>";
		};
		29B97314FDCFA39411CA2CEA /* ChatBot */ = {
			isa = PBXGroup;
			children = (
				080E96DDFE201D6D7F000001 /* Classes */,
				29B97315FDCFA39411CA2CEA /* Other Sources */,
				29B97317FDCFA39411CA2CEA /* Resources */,
				8484C19414F88F8600A68764 /* ChatBotApplicationTests */,
				8484C1AA14F88F9800A68764 /* ChatBotLogicTests */,
				29B97323FDCFA39411CA2CEA /* Frameworks */,
				19C28FACFE9D520D11CA2CBB /* Products */,
			);
			name = ChatBot;
			sourceTree = "<group>";
		};
		29B97315FDCFA39411CA2CEA /* Other Sources */ = {
			isa = PBXGroup;
			children = (
				32CA4F630368D1EE00C91783 /* ChatBot_Prefix.pch */,
				29B97316FDCFA39411CA2CEA /* main.m */,
			);
			name = "Other Sources";
			sourceTree = "<group>";
		};
		29B97317FDCFA39411CA2CEA /* Resources */ = {
			isa = PBXGroup;
			children = (
				8D1107310486CEB800E47090 /* Info.plist */,
				089C165CFE840E0CC02AAC07 /* InfoPlist.strings */,
				BF7722C20F3926290084FE39 /* MainMenu.nib */,
			);
			name = Resources;
			sourceTree = "<group>";
		};
		29B97323FDCFA39411CA2CEA /* Frameworks */ = {
			isa = PBXGroup;
			children = (
				1058C7A0FEA54F0111CA2CBB /* Linked Frameworks */,
				1058C7A2FEA54F0111CA2CBB /* Other Frameworks */,
			);
			name = Frameworks;
			sourceTree = "<group>";
		};
		8484C19414F88F8600A68764 /* ChatBotApplicationTests */ = {
			isa = PBXGroup;
			children = (
				8484C19A14F88F8600A68764 /* ChatBotApplicationTests.h */,
				8484C19B14F88F8600A68764 /* ChatBotApplicationTests.m */,
				8484C19514F88F8600A68764 /* Supporting Files */,
			);
			path = ChatBotApplicationTests;
			sourceTree = "<group>";
		};
		8484C19514F88F8600A68764 /* Supporting Files */ = {
			isa = PBXGroup;
			children = (
				8484C19614F88F8600A68764 /* ChatBotApplicationTests-Info.plist */,
				8484C19714F88F8600A68764 /* InfoPlist.strings */,
				8484C19D14F88F8600A68764 /* ChatBotApplicationTests-Prefix.pch */,
			);
			name = "Supporting Files";
			sourceTree = "<group>";
		};
		8484C1AA14F88F9800A68764 /* ChatBotLogicTests */ = {
			isa = PBXGroup;
			children = (
				8484C1B014F88F9800A68764 /* ChatBotLogicTests.h */,
				8484C1B114F88F9800A68764 /* ChatBotLogicTests.m */,
				8484C1AB14F88F9800A68764 /* Supporting Files */,
			);
			path = ChatBotLogicTests;
			sourceTree = "<group>";
		};
		8484C1AB14F88F9800A68764 /* Supporting Files */ = {
			isa = PBXGroup;
			children = (
				8484C1AC14F88F9800A68764 /* ChatBotLogicTests-Info.plist */,
				8484C1AD14F88F9800A68764 /* InfoPlist.strings */,
				8484C1B314F88F9800A68764 /* ChatBotLogicTests-Prefix.pch */,
			);
			name = "Supporting Files";
			sourceTree = "<group>";
		};
/* End PBXGroup section */

/* Begin PBXNativeTarget section */
		8484C18D14F88F8600A68764 /* ChatBotApplicationTests */ = {
			isa = PBXNativeTarget;
			buildConfigurationList = 8484C1A014F88F8600A68764 /* Build configuration list for PBXNativeTarget "ChatBotApplicationTests" */;
			buildPhases = (
				8484C18914F88F8600A68764 /* Sources */,
				8484C18A14F88F8600A68764 /* Frameworks */,
				8484C18B14F88F8600A68764 /* Resources */,
				8484C18C14F88F8600A68764 /* ShellScript */,
			);
			buildRules = (
			);
			dependencies = (
				8484C1B814F8910900A68764 /* PBXTargetDependency */,
			);
			name = ChatBotApplicationTests;
			productName = ChatBotApplicationTests;
			productReference = 8484C18E14F88F8600A68764 /* ChatBotApplicationTests.octest */;
			productType = "com.apple.product-type.bundle";
		};
		8484C1A614F88F9800A68764 /* ChatBotLogicTests */ = {
			isa = PBXNativeTarget;
			buildConfigurationList = 8484C1B414F88F9800A68764 /* Build configuration list for PBXNativeTarget "ChatBotLogicTests" */;
			buildPhases = (
				8484C1A214F88F9800A68764 /* Sources */,
				8484C1A314F88F9800A68764 /* Frameworks */,
				8484C1A414F88F9800A68764 /* Resources */,
				8484C1A514F88F9800A68764 /* ShellScript */,
			);
			buildRules = (
			);
			dependencies = (
				84A2F93D15005F5F0051E092 /* PBXTargetDependency */,
			);
			name = ChatBotLogicTests;
			productName = ChatBotLogicTests;
			productReference = 8484C1A714F88F9800A68764 /* ChatBotLogicTests.octest */;
			productType = "com.apple.product-type.bundle";
		};
		8D1107260486CEB800E47090 /* ChatBot */ = {
			isa = PBXNativeTarget;
			buildConfigurationList = C01FCF4A08A954540054247B /* Build configuration list for PBXNativeTarget "ChatBot" */;
			buildPhases = (
				8D1107290486CEB800E47090 /* Resources */,
				8D11072C0486CEB800E47090 /* Sources */,
				8D11072E0486CEB800E47090 /* Frameworks */,
			);
			buildRules = (
			);
			dependencies = (
			);
			name = ChatBot;
			productInstallPath = "$(HOME)/Applications";
			productName = ChatBot;
			productReference = 8D1107320486CEB800E47090 /* ChatBot.app */;
			productType = "com.apple.product-type.application";
		};
/* End PBXNativeTarget section */

/* Begin PBXProject section */
		29B97313FDCFA39411CA2CEA /* Project object */ = {
			isa = PBXProject;
			buildConfigurationList = C01FCF4E08A954540054247B /* Build configuration list for PBXProject "ChatBot" */;
			compatibilityVersion = "Xcode 3.1";
			developmentRegion = English;
			hasScannedForEncodings = 1;
			knownRegions = (
				en,
			);
			mainGroup = 29B97314FDCFA39411CA2CEA /* ChatBot */;
			projectDirPath = "";
			projectRoot = "";
			targets = (
				8D1107260486CEB800E47090 /* ChatBot */,
				8484C18D14F88F8600A68764 /* ChatBotApplicationTests */,
				8484C1A614F88F9800A68764 /* ChatBotLogicTests */,
			);
		};
/* End PBXProject section */

/* Begin PBXResourcesBuildPhase section */
		8484C18B14F88F8600A68764 /* Resources */ = {
			isa = PBXResourcesBuildPhase;
			buildActionMask = 2147483647;
			files = (
				8484C19914F88F8600A68764 /* InfoPlist.strings in Resources */,
			);
			runOnlyForDeploymentPostprocessing = 0;
		};
		8484C1A414F88F9800A68764 /* Resources */ = {
			isa = PBXResourcesBuildPhase;
			buildActionMask = 2147483647;
			files = (
				8484C1AF14F88F9800A68764 /* InfoPlist.strings in Resources */,
			);
			runOnlyForDeploymentPostprocessing = 0;
		};
		8D1107290486CEB800E47090 /* Resources */ = {
			isa = PBXResourcesBuildPhase;
			buildActionMask = 2147483647;
			files = (
				8D11072B0486CEB800E47090 /* InfoPlist.strings in Resources */,
				BF7722C40F3926290084FE39 /* MainMenu.nib in Resources */,
			);
			runOnlyForDeploymentPostprocessing = 0;
		};
/* End PBXResourcesBuildPhase section */

/* Begin PBXShellScriptBuildPhase section */
		8484C18C14F88F8600A68764 /* ShellScript */ = {
			isa = PBXShellScriptBuildPhase;
			buildActionMask = 2147483647;
			files = (
			);
			inputPaths = (
			);
			outputPaths = (
			);
			runOnlyForDeploymentPostprocessing = 0;
			shellPath = /bin/sh;
			shellScript = "# Run the unit tests in this test bundle.\n\"${SYSTEM_DEVELOPER_DIR}/Tools/RunUnitTests\"\n";
		};
		8484C1A514F88F9800A68764 /* ShellScript */ = {
			isa = PBXShellScriptBuildPhase;
			buildActionMask = 2147483647;
			files = (
			);
			inputPaths = (
			);
			outputPaths = (
			);
			runOnlyForDeploymentPostprocessing = 0;
			shellPath = /bin/sh;
			shellScript = "# Run the unit tests in this test bundle.\n\"${SYSTEM_DEVELOPER_DIR}/Tools/RunUnitTests\"\n";
		};
/* End PBXShellScriptBuildPhase section */

/* Begin PBXSourcesBuildPhase section */
		8484C18914F88F8600A68764 /* Sources */ = {
			isa = PBXSourcesBuildPhase;
			buildActionMask = 2147483647;
			files = (
				8484C19C14F88F8600A68764 /* ChatBotApplicationTests.m in Sources */,
			);
			runOnlyForDeploymentPostprocessing = 0;
		};
		8484C1A214F88F9800A68764 /* Sources */ = {
			isa = PBXSourcesBuildPhase;
			buildActionMask = 2147483647;
			files = (
				8484C1B214F88F9800A68764 /* ChatBotLogicTests.m in Sources */,
				84A2F9491500687F0051E092 /* LCChatBot.m in Sources */,
				84A2F94B150068840051E092 /* CBChatBot.m in Sources */,
				84A2F94A150068820051E092 /* CBChatController.m in Sources */,
			);
			runOnlyForDeploymentPostprocessing = 0;
		};
		8D11072C0486CEB800E47090 /* Sources */ = {
			isa = PBXSourcesBuildPhase;
			buildActionMask = 2147483647;
			files = (
				8D11072D0486CEB800E47090 /* main.m in Sources */,
				BF771F5B0F2FDACD0084FE39 /* CBChatController.m in Sources */,
				BF771F610F2FDBD90084FE39 /* CBChatBot.m in Sources */,
				84B777DC14D939770004F492 /* LCChatBot.m in Sources */,
			);
			runOnlyForDeploymentPostprocessing = 0;
		};
/* End PBXSourcesBuildPhase section */

/* Begin PBXTargetDependency section */
		8484C1B814F8910900A68764 /* PBXTargetDependency */ = {
			isa = PBXTargetDependency;
			target = 8D1107260486CEB800E47090 /* ChatBot */;
			targetProxy = 8484C1B714F8910900A68764 /* PBXContainerItemProxy */;
		};
		84A2F93D15005F5F0051E092 /* PBXTargetDependency */ = {
			isa = PBXTargetDependency;
			target = 8D1107260486CEB800E47090 /* ChatBot */;
			targetProxy = 84A2F93C15005F5F0051E092 /* PBXContainerItemProxy */;
		};
/* End PBXTargetDependency section */

/* Begin PBXVariantGroup section */
		089C165CFE840E0CC02AAC07 /* InfoPlist.strings */ = {
			isa = PBXVariantGroup;
			children = (
				089C165DFE840E0CC02AAC07 /* English */,
			);
			name = InfoPlist.strings;
			sourceTree = "<group>";
		};
		8484C19714F88F8600A68764 /* InfoPlist.strings */ = {
			isa = PBXVariantGroup;
			children = (
				8484C19814F88F8600A68764 /* en */,
			);
			name = InfoPlist.strings;
			sourceTree = "<group>";
		};
		8484C1AD14F88F9800A68764 /* InfoPlist.strings */ = {
			isa = PBXVariantGroup;
			children = (
				8484C1AE14F88F9800A68764 /* en */,
			);
			name = InfoPlist.strings;
			sourceTree = "<group>";
		};
		BF7722C20F3926290084FE39 /* MainMenu.nib */ = {
			isa = PBXVariantGroup;
			children = (
				BF7722C30F3926290084FE39 /* English */,
			);
			name = MainMenu.nib;
			sourceTree = "<group>";
		};
/* End PBXVariantGroup section */

/* Begin XCBuildConfiguration section */
		8484C19E14F88F8600A68764 /* Debug */ = {
			isa = XCBuildConfiguration;
			buildSettings = {
				ALWAYS_SEARCH_USER_PATHS = NO;
				ARCHS = "$(ARCHS_STANDARD_32_64_BIT)";
				BUNDLE_LOADER = "$(BUILT_PRODUCTS_DIR)/ChatBot.app/Contents/MacOS/ChatBot";
				COPY_PHASE_STRIP = NO;
				FRAMEWORK_SEARCH_PATHS = "$(DEVELOPER_LIBRARY_DIR)/Frameworks";
				GCC_C_LANGUAGE_STANDARD = gnu99;
				GCC_DYNAMIC_NO_PIC = NO;
				GCC_ENABLE_OBJC_EXCEPTIONS = YES;
				GCC_PRECOMPILE_PREFIX_HEADER = YES;
				GCC_PREFIX_HEADER = "ChatBotApplicationTests/ChatBotApplicationTests-Prefix.pch";
				GCC_PREPROCESSOR_DEFINITIONS = (
					"DEBUG=1",
					"$(inherited)",
				);
				GCC_SYMBOLS_PRIVATE_EXTERN = NO;
				GCC_VERSION = com.apple.compilers.llvm.clang.1_0;
				GCC_WARN_64_TO_32_BIT_CONVERSION = YES;
				GCC_WARN_ABOUT_MISSING_PROTOTYPES = YES;
				INFOPLIST_FILE = "ChatBotApplicationTests/ChatBotApplicationTests-Info.plist";
				MACOSX_DEPLOYMENT_TARGET = 10.7;
				PRODUCT_NAME = "$(TARGET_NAME)";
				SDKROOT = macosx10.7;
				TEST_HOST = "$(BUNDLE_LOADER)";
				WRAPPER_EXTENSION = octest;
			};
			name = Debug;
		};
		8484C19F14F88F8600A68764 /* Release */ = {
			isa = XCBuildConfiguration;
			buildSettings = {
				ALWAYS_SEARCH_USER_PATHS = NO;
				ARCHS = "$(ARCHS_STANDARD_32_64_BIT)";
				BUNDLE_LOADER = "$(BUILT_PRODUCTS_DIR)/ChatBot.app/Contents/MacOS/ChatBot";
				COPY_PHASE_STRIP = YES;
				DEBUG_INFORMATION_FORMAT = "dwarf-with-dsym";
				FRAMEWORK_SEARCH_PATHS = "$(DEVELOPER_LIBRARY_DIR)/Frameworks";
				GCC_C_LANGUAGE_STANDARD = gnu99;
				GCC_ENABLE_OBJC_EXCEPTIONS = YES;
				GCC_PRECOMPILE_PREFIX_HEADER = YES;
				GCC_PREFIX_HEADER = "ChatBotApplicationTests/ChatBotApplicationTests-Prefix.pch";
				GCC_VERSION = com.apple.compilers.llvm.clang.1_0;
				GCC_WARN_64_TO_32_BIT_CONVERSION = YES;
				GCC_WARN_ABOUT_MISSING_PROTOTYPES = YES;
				INFOPLIST_FILE = "ChatBotApplicationTests/ChatBotApplicationTests-Info.plist";
				MACOSX_DEPLOYMENT_TARGET = 10.7;
				PRODUCT_NAME = "$(TARGET_NAME)";
				SDKROOT = macosx10.7;
				TEST_HOST = "$(BUNDLE_LOADER)";
				WRAPPER_EXTENSION = octest;
			};
			name = Release;
		};
		8484C1B514F88F9800A68764 /* Debug */ = {
			isa = XCBuildConfiguration;
			buildSettings = {
				ALWAYS_SEARCH_USER_PATHS = NO;
				ARCHS = "$(ARCHS_STANDARD_32_64_BIT)";
				COPY_PHASE_STRIP = NO;
				FRAMEWORK_SEARCH_PATHS = "$(DEVELOPER_LIBRARY_DIR)/Frameworks";
				GCC_C_LANGUAGE_STANDARD = gnu99;
				GCC_DYNAMIC_NO_PIC = NO;
				GCC_ENABLE_OBJC_EXCEPTIONS = YES;
				GCC_PRECOMPILE_PREFIX_HEADER = YES;
				GCC_PREFIX_HEADER = "ChatBotLogicTests/ChatBotLogicTests-Prefix.pch";
				GCC_PREPROCESSOR_DEFINITIONS = (
					"DEBUG=1",
					"$(inherited)",
				);
				GCC_SYMBOLS_PRIVATE_EXTERN = NO;
				GCC_VERSION = com.apple.compilers.llvm.clang.1_0;
				GCC_WARN_64_TO_32_BIT_CONVERSION = YES;
				GCC_WARN_ABOUT_MISSING_PROTOTYPES = YES;
				INFOPLIST_FILE = "ChatBotLogicTests/ChatBotLogicTests-Info.plist";
				MACOSX_DEPLOYMENT_TARGET = 10.7;
				PRODUCT_NAME = "$(TARGET_NAME)";
				SDKROOT = macosx10.7;
				WRAPPER_EXTENSION = octest;
			};
			name = Debug;
		};
		8484C1B614F88F9800A68764 /* Release */ = {
			isa = XCBuildConfiguration;
			buildSettings = {
				ALWAYS_SEARCH_USER_PATHS = NO;
				ARCHS = "$(ARCHS_STANDARD_32_64_BIT)";
				COPY_PHASE_STRIP = YES;
				DEBUG_INFORMATION_FORMAT = "dwarf-with-dsym";
				FRAMEWORK_SEARCH_PATHS = "$(DEVELOPER_LIBRARY_DIR)/Frameworks";
				GCC_C_LANGUAGE_STANDARD = gnu99;
				GCC_ENABLE_OBJC_EXCEPTIONS = YES;
				GCC_PRECOMPILE_PREFIX_HEADER = YES;
				GCC_PREFIX_HEADER = "ChatBotLogicTests/ChatBotLogicTests-Prefix.pch";
				GCC_VERSION = com.apple.compilers.llvm.clang.1_0;
				GCC_WARN_64_TO_32_BIT_CONVERSION = YES;
				GCC_WARN_ABOUT_MISSING_PROTOTYPES = YES;
				INFOPLIST_FILE = "ChatBotLogicTests/ChatBotLogicTests-Info.plist";
				MACOSX_DEPLOYMENT_TARGET = 10.7;
				PRODUCT_NAME = "$(TARGET_NAME)";
				SDKROOT = macosx10.7;
				WRAPPER_EXTENSION = octest;
			};
			name = Release;
		};
		C01FCF4B08A954540054247B /* Debug */ = {
			isa = XCBuildConfiguration;
			buildSettings = {
				ALWAYS_SEARCH_USER_PATHS = NO;
				ARCHS = "$(ARCHS_STANDARD_32_64_BIT)";
				COPY_PHASE_STRIP = NO;
				GCC_DYNAMIC_NO_PIC = NO;
				GCC_ENABLE_FIX_AND_CONTINUE = YES;
				GCC_MODEL_TUNING = G5;
				GCC_OPTIMIZATION_LEVEL = 0;
				GCC_PRECOMPILE_PREFIX_HEADER = YES;
				GCC_PREFIX_HEADER = ChatBot_Prefix.pch;
				INFOPLIST_FILE = Info.plist;
				INSTALL_PATH = "$(HOME)/Applications";
				PRODUCT_NAME = ChatBot;
				SDKROOT = macosx10.7;
			};
			name = Debug;
		};
		C01FCF4C08A954540054247B /* Release */ = {
			isa = XCBuildConfiguration;
			buildSettings = {
				ALWAYS_SEARCH_USER_PATHS = NO;
				ARCHS = "$(ARCHS_STANDARD_32_64_BIT)";
				DEBUG_INFORMATION_FORMAT = "dwarf-with-dsym";
				GCC_MODEL_TUNING = G5;
				GCC_PRECOMPILE_PREFIX_HEADER = YES;
				GCC_PREFIX_HEADER = ChatBot_Prefix.pch;
				INFOPLIST_FILE = Info.plist;
				INSTALL_PATH = "$(HOME)/Applications";
				PRODUCT_NAME = ChatBot;
				SDKROOT = macosx10.7;
			};
			name = Release;
		};
		C01FCF4F08A954540054247B /* Debug */ = {
			isa = XCBuildConfiguration;
			buildSettings = {
				ARCHS = "$(NATIVE_ARCH)";
				GCC_C_LANGUAGE_STANDARD = c99;
				GCC_OPTIMIZATION_LEVEL = 0;
				GCC_WARN_ABOUT_RETURN_TYPE = YES;
				GCC_WARN_UNUSED_VARIABLE = YES;
				MACOSX_DEPLOYMENT_TARGET = 10.7;
				ONLY_ACTIVE_ARCH = YES;
				PREBINDING = NO;
			};
			name = Debug;
		};
		C01FCF5008A954540054247B /* Release */ = {
			isa = XCBuildConfiguration;
			buildSettings = {
				ARCHS = "$(ARCHS_STANDARD_32_BIT)";
				GCC_C_LANGUAGE_STANDARD = c99;
				GCC_WARN_ABOUT_RETURN_TYPE = YES;
				GCC_WARN_UNUSED_VARIABLE = YES;
				MACOSX_DEPLOYMENT_TARGET = 10.7;
				PREBINDING = NO;
			};
			name = Release;
		};
/* End XCBuildConfiguration section */

/* Begin XCConfigurationList section */
		8484C1A014F88F8600A68764 /* Build configuration list for PBXNativeTarget "ChatBotApplicationTests" */ = {
			isa = XCConfigurationList;
			buildConfigurations = (
				8484C19E14F88F8600A68764 /* Debug */,
				8484C19F14F88F8600A68764 /* Release */,
			);
			defaultConfigurationIsVisible = 0;
			defaultConfigurationName = Release;
		};
		8484C1B414F88F9800A68764 /* Build configuration list for PBXNativeTarget "ChatBotLogicTests" */ = {
			isa = XCConfigurationList;
			buildConfigurations = (
				8484C1B514F88F9800A68764 /* Debug */,
				8484C1B614F88F9800A68764 /* Release */,
			);
			defaultConfigurationIsVisible = 0;
			defaultConfigurationName = Release;
		};
		C01FCF4A08A954540054247B /* Build configuration list for PBXNativeTarget "ChatBot" */ = {
			isa = XCConfigurationList;
			buildConfigurations = (
				C01FCF4B08A954540054247B /* Debug */,
				C01FCF4C08A954540054247B /* Release */,
			);
			defaultConfigurationIsVisible = 0;
			defaultConfigurationName = Release;
		};
		C01FCF4E08A954540054247B /* Build configuration list for PBXProject "ChatBot" */ = {
			isa = XCConfigurationList;
			buildConfigurations = (
				C01FCF4F08A954540054247B /* Debug */,
				C01FCF5008A954540054247B /* Release */,
			);
			defaultConfigurationIsVisible = 0;
			defaultConfigurationName = Release;
		};
/* End XCConfigurationList section */
	};
	rootObject = 29B97313FDCFA39411CA2CEA /* Project object */;
}
